
Microsoft Visual Studio Solution File, Format Version 12.00
# Visual Studio Version 17
VisualStudioVersion = 17.7.34031.279
MinimumVisualStudioVersion = 10.0.40219.1
Project("{FAE04EC0-301F-11D3-BF4B-00C04F79EFBC}") = "APIGateway", "APIGateway\APIGateway.csproj", "{2D437472-A46F-4512-A792-BC5F48B6FEE6}"
EndProject
Project("{2150E333-8FDC-42A3-9474-1A3956D46DE8}") = "Services", "Services", "{E878EC3E-7B96-45CE-9318-EE05F98D9DB2}"
EndProject
Project("{FAE04EC0-301F-11D3-BF4B-00C04F79EFBC}") = "Contact.API", "Services\ContactAPI\Contact.API\Contact.API.csproj", "{0C224857-F9E4-4555-ACD7-1584014D14B3}"
EndProject
Project("{FAE04EC0-301F-11D3-BF4B-00C04F79EFBC}") = "Reservation.API", "Services\ResAPI\Reservation.API\Reservation.API.csproj", "{FE01C836-A048-46CE-95BE-A64B20510811}"
EndProject
Project("{2150E333-8FDC-42A3-9474-1A3956D46DE8}") = "ContactAPI", "ContactAPI", "{0922589E-72FF-4545-B8D9-F94284EC23FE}"
EndProject
Project("{2150E333-8FDC-42A3-9474-1A3956D46DE8}") = "ReservationAPI", "ReservationAPI", "{51F612CE-93CC-48A1-A53C-487BF3DC5327}"
EndProject
Project("{FAE04EC0-301F-11D3-BF4B-00C04F79EFBC}") = "Contact.API.Infrastructure", "Services\ContactAPI\Contact.API.Infrastructure\Contact.API.Infrastructure.csproj", "{D2C1254F-1CCA-4CB8-94EB-3836451366DF}"
EndProject
Project("{FAE04EC0-301F-11D3-BF4B-00C04F79EFBC}") = "Contact.API.Models", "Services\ContactAPI\Contact.API.Models\Contact.API.Models.csproj", "{3C112D3F-6600-4B55-B093-CC3EC1035A43}"
EndProject
Project("{FAE04EC0-301F-11D3-BF4B-00C04F79EFBC}") = "Contact.API.Services", "Services\ContactAPI\Contact.API.Services\Contact.API.Services.csproj", "{DFF7DF53-7C02-4C0F-BB3E-7D13AB43B0AB}"
EndProject
Project("{FAE04EC0-301F-11D3-BF4B-00C04F79EFBC}") = "Reservation.API.Infrastructure", "Services\ResAPI\Reservation.API.Infrastructure\Reservation.API.Infrastructure.csproj", "{287F0808-8AC9-4C0D-A0CE-6D6E97D899EC}"
EndProject
Project("{FAE04EC0-301F-11D3-BF4B-00C04F79EFBC}") = "Reservation.API.Models", "Services\ResAPI\Reservation.API.Models\Reservation.API.Models.csproj", "{18BEC124-08A9-4D49-80C8-14BF24FB370E}"
EndProject
Project("{FAE04EC0-301F-11D3-BF4B-00C04F79EFBC}") = "Reservation.API.Services", "Services\ResAPI\Reservation.API.Services\Reservation.API.Services.csproj", "{A9E0536E-4ADE-45C5-97DD-1E29A0B99EED}"
EndProject
Global
	GlobalSection(SolutionConfigurationPlatforms) = preSolution
		Debug|Any CPU = Debug|Any CPU
		Release|Any CPU = Release|Any CPU
	EndGlobalSection
	GlobalSection(ProjectConfigurationPlatforms) = postSolution
		{2D437472-A46F-4512-A792-BC5F48B6FEE6}.Debug|Any CPU.ActiveCfg = Debug|Any CPU
		{2D437472-A46F-4512-A792-BC5F48B6FEE6}.Debug|Any CPU.Build.0 = Debug|Any CPU
		{2D437472-A46F-4512-A792-BC5F48B6FEE6}.Release|Any CPU.ActiveCfg = Release|Any CPU
		{2D437472-A46F-4512-A792-BC5F48B6FEE6}.Release|Any CPU.Build.0 = Release|Any CPU
		{0C224857-F9E4-4555-ACD7-1584014D14B3}.Debug|Any CPU.ActiveCfg = Debug|Any CPU
		{0C224857-F9E4-4555-ACD7-1584014D14B3}.Debug|Any CPU.Build.0 = Debug|Any CPU
		{0C224857-F9E4-4555-ACD7-1584014D14B3}.Release|Any CPU.ActiveCfg = Release|Any CPU
		{0C224857-F9E4-4555-ACD7-1584014D14B3}.Release|Any CPU.Build.0 = Release|Any CPU
		{FE01C836-A048-46CE-95BE-A64B20510811}.Debug|Any CPU.ActiveCfg = Debug|Any CPU
		{FE01C836-A048-46CE-95BE-A64B20510811}.Debug|Any CPU.Build.0 = Debug|Any CPU
		{FE01C836-A048-46CE-95BE-A64B20510811}.Release|Any CPU.ActiveCfg = Release|Any CPU
		{FE01C836-A048-46CE-95BE-A64B20510811}.Release|Any CPU.Build.0 = Release|Any CPU
		{D2C1254F-1CCA-4CB8-94EB-3836451366DF}.Debug|Any CPU.ActiveCfg = Debug|Any CPU
		{D2C1254F-1CCA-4CB8-94EB-3836451366DF}.Debug|Any CPU.Build.0 = Debug|Any CPU
		{D2C1254F-1CCA-4CB8-94EB-3836451366DF}.Release|Any CPU.ActiveCfg = Release|Any CPU
		{D2C1254F-1CCA-4CB8-94EB-3836451366DF}.Release|Any CPU.Build.0 = Release|Any CPU
		{3C112D3F-6600-4B55-B093-CC3EC1035A43}.Debug|Any CPU.ActiveCfg = Debug|Any CPU
		{3C112D3F-6600-4B55-B093-CC3EC1035A43}.Debug|Any CPU.Build.0 = Debug|Any CPU
		{3C112D3F-6600-4B55-B093-CC3EC1035A43}.Release|Any CPU.ActiveCfg = Release|Any CPU
		{3C112D3F-6600-4B55-B093-CC3EC1035A43}.Release|Any CPU.Build.0 = Release|Any CPU
		{DFF7DF53-7C02-4C0F-BB3E-7D13AB43B0AB}.Debug|Any CPU.ActiveCfg = Debug|Any CPU
		{DFF7DF53-7C02-4C0F-BB3E-7D13AB43B0AB}.Debug|Any CPU.Build.0 = Debug|Any CPU
		{DFF7DF53-7C02-4C0F-BB3E-7D13AB43B0AB}.Release|Any CPU.ActiveCfg = Release|Any CPU
		{DFF7DF53-7C02-4C0F-BB3E-7D13AB43B0AB}.Release|Any CPU.Build.0 = Release|Any CPU
		{287F0808-8AC9-4C0D-A0CE-6D6E97D899EC}.Debug|Any CPU.ActiveCfg = Debug|Any CPU
		{287F0808-8AC9-4C0D-A0CE-6D6E97D899EC}.Debug|Any CPU.Build.0 = Debug|Any CPU
		{287F0808-8AC9-4C0D-A0CE-6D6E97D899EC}.Release|Any CPU.ActiveCfg = Release|Any CPU
		{287F0808-8AC9-4C0D-A0CE-6D6E97D899EC}.Release|Any CPU.Build.0 = Release|Any CPU
		{18BEC124-08A9-4D49-80C8-14BF24FB370E}.Debug|Any CPU.ActiveCfg = Debug|Any CPU
		{18BEC124-08A9-4D49-80C8-14BF24FB370E}.Debug|Any CPU.Build.0 = Debug|Any CPU
		{18BEC124-08A9-4D49-80C8-14BF24FB370E}.Release|Any CPU.ActiveCfg = Release|Any CPU
		{18BEC124-08A9-4D49-80C8-14BF24FB370E}.Release|Any CPU.Build.0 = Release|Any CPU
		{A9E0536E-4ADE-45C5-97DD-1E29A0B99EED}.Debug|Any CPU.ActiveCfg = Debug|Any CPU
		{A9E0536E-4ADE-45C5-97DD-1E29A0B99EED}.Debug|Any CPU.Build.0 = Debug|Any CPU
		{A9E0536E-4ADE-45C5-97DD-1E29A0B99EED}.Release|Any CPU.ActiveCfg = Release|Any CPU
		{A9E0536E-4ADE-45C5-97DD-1E29A0B99EED}.Release|Any CPU.Build.0 = Release|Any CPU
	EndGlobalSection
	GlobalSection(SolutionProperties) = preSolution
		HideSolutionNode = FALSE
	EndGlobalSection
	GlobalSection(NestedProjects) = preSolution
		{0C224857-F9E4-4555-ACD7-1584014D14B3} = {0922589E-72FF-4545-B8D9-F94284EC23FE}
		{FE01C836-A048-46CE-95BE-A64B20510811} = {51F612CE-93CC-48A1-A53C-487BF3DC5327}
		{0922589E-72FF-4545-B8D9-F94284EC23FE} = {E878EC3E-7B96-45CE-9318-EE05F98D9DB2}
		{51F612CE-93CC-48A1-A53C-487BF3DC5327} = {E878EC3E-7B96-45CE-9318-EE05F98D9DB2}
		{D2C1254F-1CCA-4CB8-94EB-3836451366DF} = {0922589E-72FF-4545-B8D9-F94284EC23FE}
		{3C112D3F-6600-4B55-B093-CC3EC1035A43} = {0922589E-72FF-4545-B8D9-F94284EC23FE}
		{DFF7DF53-7C02-4C0F-BB3E-7D13AB43B0AB} = {0922589E-72FF-4545-B8D9-F94284EC23FE}
		{287F0808-8AC9-4C0D-A0CE-6D6E97D899EC} = {51F612CE-93CC-48A1-A53C-487BF3DC5327}
		{18BEC124-08A9-4D49-80C8-14BF24FB370E} = {51F612CE-93CC-48A1-A53C-487BF3DC5327}
		{A9E0536E-4ADE-45C5-97DD-1E29A0B99EED} = {51F612CE-93CC-48A1-A53C-487BF3DC5327}
	EndGlobalSection
	GlobalSection(ExtensibilityGlobals) = postSolution
		SolutionGuid = {0D993ADB-1AB2-4F9F-A8ED-A2C8E2908039}
	EndGlobalSection
EndGlobal
